
Microsoft Visual Studio Solution File, Format Version 12.00
# Visual Studio Version 17
VisualStudioVersion = 17.10.35122.118
MinimumVisualStudioVersion = 10.0.40219.1
Project("{FAE04EC0-301F-11D3-BF4B-00C04F79EFBC}") = "SnakeGame", "SnakeGame\SnakeGame.csproj", "{9894EC0E-411F-4A98-BE48-FBF54E1DDCA1}"
EndProject
Global
	GlobalSection(SolutionConfigurationPlatforms) = preSolution
		Debug|Any CPU = Debug|Any CPU
		Release|Any CPU = Release|Any CPU
	EndGlobalSection
	GlobalSection(ProjectConfigurationPlatforms) = postSolution
		{9894EC0E-411F-4A98-BE48-FBF54E1DDCA1}.Debug|Any CPU.ActiveCfg = Debug|Any CPU
		{9894EC0E-411F-4A98-BE48-FBF54E1DDCA1}.Debug|Any CPU.Build.0 = Debug|Any CPU
		{9894EC0E-411F-4A98-BE48-FBF54E1DDCA1}.Release|Any CPU.ActiveCfg = Release|Any CPU
		{9894EC0E-411F-4A98-BE48-FBF54E1DDCA1}.Release|Any CPU.Build.0 = Release|Any CPU
	EndGlobalSection
	GlobalSection(SolutionProperties) = preSolution
		HideSolutionNode = FALSE
	EndGlobalSection
	GlobalSection(ExtensibilityGlobals) = postSolution
		SolutionGuid = {5671DAFB-BC04-468C-85A8-F56C5CE415B5}
	EndGlobalSection
EndGlobal
